
Microsoft Visual Studio Solution File, Format Version 12.00
# Visual Studio Version 17
VisualStudioVersion = 17.3.32929.385
MinimumVisualStudioVersion = 10.0.40219.1
Project("{9A19103F-16F7-4668-BE54-9A1E7A4F7556}") = "FlyingNerds", "GameTemplate\FlyingNerds.csproj", "{8E604FEF-A62B-406D-B12D-01E7A30ABD02}"
EndProject
Project("{2150E333-8FDC-42A3-9474-1A3956D46DE8}") = "Solution Items", "Solution Items", "{A0EA7E9E-566A-4C50-98BD-865CF3DA2723}"
EndProject
Global
	GlobalSection(SolutionConfigurationPlatforms) = preSolution
		Debug|Any CPU = Debug|Any CPU
		Release|Any CPU = Release|Any CPU
	EndGlobalSection
	GlobalSection(ProjectConfigurationPlatforms) = postSolution
		{8E604FEF-A62B-406D-B12D-01E7A30ABD02}.Debug|Any CPU.ActiveCfg = Debug|Any CPU
		{8E604FEF-A62B-406D-B12D-01E7A30ABD02}.Debug|Any CPU.Build.0 = Debug|Any CPU
		{8E604FEF-A62B-406D-B12D-01E7A30ABD02}.Release|Any CPU.ActiveCfg = Release|Any CPU
		{8E604FEF-A62B-406D-B12D-01E7A30ABD02}.Release|Any CPU.Build.0 = Release|Any CPU
	EndGlobalSection
	GlobalSection(SolutionProperties) = preSolution
		HideSolutionNode = FALSE
	EndGlobalSection
	GlobalSection(ExtensibilityGlobals) = postSolution
		SolutionGuid = {F3751195-5DED-485A-AE2E-074ADD0A5639}
	EndGlobalSection
EndGlobal
